
Microsoft Visual Studio Solution File, Format Version 12.00
# Visual Studio Version 16
VisualStudioVersion = 16.0.30804.86
MinimumVisualStudioVersion = 10.0.40219.1
Project("{FAE04EC0-301F-11D3-BF4B-00C04F79EFBC}") = "DesktopNewsApp", "DesktopNewsApp.csproj", "{C8D38709-8370-42C9-B3B5-94091EE3917F}"
EndProject
Global
	GlobalSection(SolutionConfigurationPlatforms) = preSolution
		Debug|Any CPU = Debug|Any CPU
		Release|Any CPU = Release|Any CPU
	EndGlobalSection
	GlobalSection(ProjectConfigurationPlatforms) = postSolution
		{C8D38709-8370-42C9-B3B5-94091EE3917F}.Debug|Any CPU.ActiveCfg = Debug|Any CPU
		{C8D38709-8370-42C9-B3B5-94091EE3917F}.Debug|Any CPU.Build.0 = Debug|Any CPU
		{C8D38709-8370-42C9-B3B5-94091EE3917F}.Release|Any CPU.ActiveCfg = Release|Any CPU
		{C8D38709-8370-42C9-B3B5-94091EE3917F}.Release|Any CPU.Build.0 = Release|Any CPU
	EndGlobalSection
	GlobalSection(SolutionProperties) = preSolution
		HideSolutionNode = FALSE
	EndGlobalSection
	GlobalSection(ExtensibilityGlobals) = postSolution
		SolutionGuid = {82565F27-33ED-4FF7-931F-E005094EF5E8}
	EndGlobalSection
EndGlobal
